
Microsoft Visual Studio Solution File, Format Version 12.00
# Visual Studio 15
VisualStudioVersion = 15.0.28010.2003
MinimumVisualStudioVersion = 10.0.40219.1
Project("{FAE04EC0-301F-11D3-BF4B-00C04F79EFBC}") = "Localizer", "Localizer\Localizer.csproj", "{2F2352C0-32EC-4DE7-9BD1-F43CAE6389B4}"
EndProject
Global
	GlobalSection(SolutionConfigurationPlatforms) = preSolution
		Debug|Any CPU = Debug|Any CPU
		Release|Any CPU = Release|Any CPU
	EndGlobalSection
	GlobalSection(ProjectConfigurationPlatforms) = postSolution
		{2F2352C0-32EC-4DE7-9BD1-F43CAE6389B4}.Debug|Any CPU.ActiveCfg = Debug|Any CPU
		{2F2352C0-32EC-4DE7-9BD1-F43CAE6389B4}.Debug|Any CPU.Build.0 = Debug|Any CPU
		{2F2352C0-32EC-4DE7-9BD1-F43CAE6389B4}.Release|Any CPU.ActiveCfg = Release|Any CPU
		{2F2352C0-32EC-4DE7-9BD1-F43CAE6389B4}.Release|Any CPU.Build.0 = Release|Any CPU
	EndGlobalSection
	GlobalSection(SolutionProperties) = preSolution
		HideSolutionNode = FALSE
	EndGlobalSection
	GlobalSection(ExtensibilityGlobals) = postSolution
		SolutionGuid = {67F0ACD5-6FA3-4015-93D0-F135E25FA7BB}
	EndGlobalSection
EndGlobal
